
Microsoft Visual Studio Solution File, Format Version 12.00
# Visual Studio 2022
Project("{FAE04EC0-301F-11D3-BF4B-00C04F79EFBC}") = "FifteenImage", "FifteenImage\FifteenImage.csproj", "{9D0F7A64-D758-41A2-A6DF-31D348C48294}"
EndProject
Global
	GlobalSection(SolutionConfigurationPlatforms) = preSolution
		Debug|x86 = Debug|x86
		Release|x86 = Release|x86
	EndGlobalSection
	GlobalSection(ProjectConfigurationPlatforms) = postSolution
		{9D0F7A64-D758-41A2-A6DF-31D348C48294}.Debug|x86.ActiveCfg = Debug|x86
		{9D0F7A64-D758-41A2-A6DF-31D348C48294}.Debug|x86.Build.0 = Debug|x86
		{9D0F7A64-D758-41A2-A6DF-31D348C48294}.Release|x86.ActiveCfg = Release|x86
		{9D0F7A64-D758-41A2-A6DF-31D348C48294}.Release|x86.Build.0 = Release|x86
	EndGlobalSection
	GlobalSection(SolutionProperties) = preSolution
		HideSolutionNode = FALSE
	EndGlobalSection
EndGlobal
